// !$*UTF8*$!
{
	archiveVersion = 1;
	classes = {
	};
	objectVersion = 46;
	objects = {

/* Begin PBXBuildFile section */
		00C850377E5BF2897D0297BA /* Sparkle in Frameworks */ = {isa = PBXBuildFile; productRef = B8FB655E9FEE8FB2ECC3488E /* Sparkle */; };
		01024EFC78B3BEDE281E5039 /* TrayControlClient.swift in Sources */ = {isa = PBXBuildFile; fileRef = B6B72B6CF0012F8AA7B7F1D5 /* TrayControlClient.swift */; };
		0163B2450BA163D262B26FF4 /* Cocoa.framework in Frameworks */ = {isa = PBXBuildFile; fileRef = 13F4018AFC1722FD14C83B5D /* Cocoa.framework */; };
		099B4FF1A8340951979EB921 /* UniformTypeIdentifiers.framework in Frameworks */ = {isa = PBXBuildFile; fileRef = F2142EC81028E4D27A9AF979 /* UniformTypeIdentifiers.framework */; };
		0AB8B4995D8080215845B08B /* Security.framework in Frameworks */ = {isa = PBXBuildFile; fileRef = 44EFA567AAF5371A46D17DEE /* Security.framework */; };
		0F1DECFEFA5B2F6067FFE694 /* InstallerCoordinator.swift in Sources */ = {isa = PBXBuildFile; fileRef = 9FCA8554988DAE36431BF9F4 /* InstallerCoordinator.swift */; };
		1571369D1D1E26F5D7B4549D /* MihomoDNSCore in Frameworks */ = {isa = PBXBuildFile; productRef = D84D9E2E7EF6A6AE6CABDF01 /* MihomoDNSCore */; };
		1692D86AA492086BBC91CBC4 /* SystemConfiguration.framework in Frameworks */ = {isa = PBXBuildFile; fileRef = 4F34F55FCC9D439FCFD6946A /* SystemConfiguration.framework */; };
		184CF5E890F3A9F063DD1C66 /* mihomo-daemon in Embed signed helper executables */ = {isa = PBXBuildFile; fileRef = C370E6B795E9B7E33E67784E /* mihomo-daemon */; settings = {ATTRIBUTES = (CodeSignOnCopy, ); }; };
		1897B4EC2D5A04CC00875187 /* ProfileBroker.swift in Sources */ = {isa = PBXBuildFile; fileRef = 90FD7EBD87D2F80FEBEF952D /* ProfileBroker.swift */; };
		1D8D167D0C50453632DC3D6D /* ControlServer.swift in Sources */ = {isa = PBXBuildFile; fileRef = E486081D65C450621277681B /* ControlServer.swift */; };
		1EB9785F6FE578FD669936BF /* ProfileCoordinator.swift in Sources */ = {isa = PBXBuildFile; fileRef = 1E16015099E71717B86CED9A /* ProfileCoordinator.swift */; };
		22FBB9350BD72FCEE65CF8BC /* main.swift in Sources */ = {isa = PBXBuildFile; fileRef = 8709A3FBE110FD708D7E287D /* main.swift */; };
		3CCD552459D1F923F335F37F /* MihomoControl in Frameworks */ = {isa = PBXBuildFile; productRef = 8ACFB4D95FF3735EB9BA8AD9 /* MihomoControl */; };
		437C533FFDF7363816FFB347 /* MihomoControl in Frameworks */ = {isa = PBXBuildFile; productRef = F3C444C4CB7E9AC5FD1652FB /* MihomoControl */; };
		48C78DC7424A17349DA448BD /* ComponentSynchronizer.swift in Sources */ = {isa = PBXBuildFile; fileRef = F9B54E17E98F74D99366FA73 /* ComponentSynchronizer.swift */; };
		5B84C01AB0593830F8B9F25A /* TrayModel.swift in Sources */ = {isa = PBXBuildFile; fileRef = C9E4798F2D5DBE4C42DFD092 /* TrayModel.swift */; };
		6816C8F368E1D01B274CC45E /* IOKit.framework in Frameworks */ = {isa = PBXBuildFile; fileRef = 2B3C8CE3093799B4C41BA8DA /* IOKit.framework */; };
		72C1F82965891EBD8250208D /* LocalDoHCoordinator.swift in Sources */ = {isa = PBXBuildFile; fileRef = 048148D6F15A519C68068D05 /* LocalDoHCoordinator.swift */; };
		79E26AF9B4C54ADE83FD0B7B /* MihomoDNSCore in Frameworks */ = {isa = PBXBuildFile; productRef = 9496E62A642F63C607877114 /* MihomoDNSCore */; };
		7DBED8F5B30C7901ADE7E3BD /* ProfileEditorPrompt.swift in Sources */ = {isa = PBXBuildFile; fileRef = 1357B94EF3ADB2E8A3357FBF /* ProfileEditorPrompt.swift */; };
		872737AC0EB8911B6BEE2AED /* MihomoDNSCore in Frameworks */ = {isa = PBXBuildFile; productRef = 58954311EA3816E8D9C89BC1 /* MihomoDNSCore */; };
		945F95C1D1DD906A9F40E8E6 /* AppDelegate.swift in Sources */ = {isa = PBXBuildFile; fileRef = 1A60E50578F9AA3C498098E8 /* AppDelegate.swift */; };
		9783D5E519CF1697FDF50530 /* MihomoBoxMain.swift in Sources */ = {isa = PBXBuildFile; fileRef = 8FC1578C336FCE0739145892 /* MihomoBoxMain.swift */; };
		98C089059EDF05B1CDFCD6D5 /* ComponentUpdater.swift in Sources */ = {isa = PBXBuildFile; fileRef = 94FC2085623B0EC98B98BCFD /* ComponentUpdater.swift */; };
		9AE34E5D4FA89C9156694329 /* Security.framework in Frameworks */ = {isa = PBXBuildFile; fileRef = 44EFA567AAF5371A46D17DEE /* Security.framework */; };
		9BC474A99EC4978E2FC195D4 /* mihomo-agent in Embed signed helper executables */ = {isa = PBXBuildFile; fileRef = 479C4001A4E67E4F3E8C7A06 /* mihomo-agent */; settings = {ATTRIBUTES = (CodeSignOnCopy, ); }; };
		AA971BB7DF956F80CC08B9E1 /* MihomoBoxUI in Frameworks */ = {isa = PBXBuildFile; productRef = 718411A53B8D16BC13ADA862 /* MihomoBoxUI */; };
		ABDB0BE47EA6B2E45C11D443 /* SparkleUpdateController.swift in Sources */ = {isa = PBXBuildFile; fileRef = F1BE78C294AFD759604BECDD /* SparkleUpdateController.swift */; };
		ABE4500FB13878E577E13E45 /* Security.framework in Frameworks */ = {isa = PBXBuildFile; fileRef = 44EFA567AAF5371A46D17DEE /* Security.framework */; };
		AF4722B9F2CECC30044AD5E1 /* mihomo in Embed signed pinned Mihomo */ = {isa = PBXBuildFile; fileRef = 417D8B3F2F89BE88AC0FFC01 /* mihomo */; settings = {ATTRIBUTES = (CodeSignOnCopy, ); }; };
		B18875440114C193A53B3E61 /* StatusItemController.swift in Sources */ = {isa = PBXBuildFile; fileRef = 496022A584D45D845C0528E7 /* StatusItemController.swift */; };
		B25750680BBF5E5167613C53 /* mihomoboxctl in Embed signed helper executables */ = {isa = PBXBuildFile; fileRef = 6756BF8F368CC59A15493FF9 /* mihomoboxctl */; settings = {ATTRIBUTES = (CodeSignOnCopy, ); }; };
		B80B59C1113C3B556EBFAAD5 /* LocalDoHStatusProvider.swift in Sources */ = {isa = PBXBuildFile; fileRef = 4DD11BCE5CF49DD4C8501295 /* LocalDoHStatusProvider.swift */; };
		C08C7DF11C751BBED2935FA6 /* Cocoa.framework in Frameworks */ = {isa = PBXBuildFile; fileRef = 13F4018AFC1722FD14C83B5D /* Cocoa.framework */; };
		C5C4128013F12C28E076155C /* MihomoControl in Frameworks */ = {isa = PBXBuildFile; productRef = 4E200B8257A25EF8AFE99F6A /* MihomoControl */; };
		C86FC512C80191FECE75DEB9 /* AppKit.framework in Frameworks */ = {isa = PBXBuildFile; fileRef = 1CF649478DB0B254DBBEC755 /* AppKit.framework */; };
		CD7DAF4D00C8F28A4E244E1C /* MihomoProfileLanguage.swift in Sources */ = {isa = PBXBuildFile; fileRef = 41C2006547C1940BC0116658 /* MihomoProfileLanguage.swift */; };
		CE5382F9E431C280B3670D2C /* Cocoa.framework in Frameworks */ = {isa = PBXBuildFile; fileRef = 13F4018AFC1722FD14C83B5D /* Cocoa.framework */; };
		D19379172AEB8EE9BD7E01D5 /* main.swift in Sources */ = {isa = PBXBuildFile; fileRef = 523E14332D8F9F26BF5BB38D /* main.swift */; };
		D4A209842538AAE3F3D21C1B /* LocalDoHManager.swift in Sources */ = {isa = PBXBuildFile; fileRef = 12FE68725B51DA4DB03D050F /* LocalDoHManager.swift */; };
		D5235DCD4ECF63B2BDF626AE /* Cocoa.framework in Frameworks */ = {isa = PBXBuildFile; fileRef = 13F4018AFC1722FD14C83B5D /* Cocoa.framework */; };
		D6F34BB1AE03242C7ACF7A82 /* ControllerBroker.swift in Sources */ = {isa = PBXBuildFile; fileRef = 1E050E31E79C948D86A09618 /* ControllerBroker.swift */; };
		D84ADFE14FAEEC88B4229773 /* SystemConfiguration.framework in Frameworks */ = {isa = PBXBuildFile; fileRef = 4F34F55FCC9D439FCFD6946A /* SystemConfiguration.framework */; };
		DE60B3F770F449286528CEAA /* TrayStateCoordinator.swift in Sources */ = {isa = PBXBuildFile; fileRef = 6800BBB4BA267C89F221FA17 /* TrayStateCoordinator.swift */; };
		E05088CE7CA6FCA29029B983 /* LoginAutostartController.swift in Sources */ = {isa = PBXBuildFile; fileRef = 586E4D5711F05FD9C34C5443 /* LoginAutostartController.swift */; };
		F05E6785C89698A525A214EF /* main.swift in Sources */ = {isa = PBXBuildFile; fileRef = 8D464BA15DA23325A30C049E /* main.swift */; };
		F0FDCB40C3291F3329DC37AF /* AgentSupervisor.swift in Sources */ = {isa = PBXBuildFile; fileRef = B1A7CE955B5C29E6A00F7F01 /* AgentSupervisor.swift */; };
		FBBC371C0377215ABAD6F051 /* AppLog.swift in Sources */ = {isa = PBXBuildFile; fileRef = 481CFD4AFFFEE7AA13347A6B /* AppLog.swift */; };
/* End PBXBuildFile section */

/* Begin PBXContainerItemProxy section */
		35AD05C0850D367118FF9429 /* PBXContainerItemProxy */ = {
			isa = PBXContainerItemProxy;
			containerPortal = 7E096FA01C24845AEA35A678 /* Project object */;
			proxyType = 1;
			remoteGlobalIDString = 416EA616C2BC271B67B008F6;
			remoteInfo = MihomoBoxCLI;
		};
		513AC5782C6ACD6C4A6F9FD2 /* PBXContainerItemProxy */ = {
			isa = PBXContainerItemProxy;
			containerPortal = 7E096FA01C24845AEA35A678 /* Project object */;
			proxyType = 1;
			remoteGlobalIDString = FA936C96AEEB7D35E5F287F7;
			remoteInfo = MihomoAgent;
		};
		CB9E60A0EC83C1AFFDBB52D6 /* PBXContainerItemProxy */ = {
			isa = PBXContainerItemProxy;
			containerPortal = 7E096FA01C24845AEA35A678 /* Project object */;
			proxyType = 1;
			remoteGlobalIDString = A293E4A61E02D254370C10B4;
			remoteInfo = MihomoDaemon;
		};
/* End PBXContainerItemProxy section */

/* Begin PBXCopyFilesBuildPhase section */
		E54B34D6153CE9075BB8680E /* Embed signed helper executables */ = {
			isa = PBXCopyFilesBuildPhase;
			buildActionMask = 2147483647;
			dstPath = "";
			dstSubfolderSpec = 6;
			files = (
				184CF5E890F3A9F063DD1C66 /* mihomo-daemon in Embed signed helper executables */,
				9BC474A99EC4978E2FC195D4 /* mihomo-agent in Embed signed helper executables */,
				B25750680BBF5E5167613C53 /* mihomoboxctl in Embed signed helper executables */,
			);
			name = "Embed signed helper executables";
			runOnlyForDeploymentPostprocessing = 0;
		};
		F363F883EE1B00D86EB8E7CD /* Embed signed pinned Mihomo */ = {
			isa = PBXCopyFilesBuildPhase;
			buildActionMask = 2147483647;
			dstPath = "";
			dstSubfolderSpec = 6;
			files = (
				AF4722B9F2CECC30044AD5E1 /* mihomo in Embed signed pinned Mihomo */,
			);
			name = "Embed signed pinned Mihomo";
			runOnlyForDeploymentPostprocessing = 0;
		};
/* End PBXCopyFilesBuildPhase section */

/* Begin PBXFileReference section */
		048148D6F15A519C68068D05 /* LocalDoHCoordinator.swift */ = {isa = PBXFileReference; includeInIndex = 1; lastKnownFileType = sourcecode.swift; path = LocalDoHCoordinator.swift; sourceTree = "<group>"; };
		12FE68725B51DA4DB03D050F /* LocalDoHManager.swift */ = {isa = PBXFileReference; includeInIndex = 1; lastKnownFileType = sourcecode.swift; path = LocalDoHManager.swift; sourceTree = "<group>"; };
		1357B94EF3ADB2E8A3357FBF /* ProfileEditorPrompt.swift */ = {isa = PBXFileReference; includeInIndex = 1; lastKnownFileType = sourcecode.swift; path = ProfileEditorPrompt.swift; sourceTree = "<group>"; };
		13F4018AFC1722FD14C83B5D /* Cocoa.framework */ = {isa = PBXFileReference; lastKnownFileType = wrapper.framework; name = Cocoa.framework; path = Platforms/MacOSX.platform/Developer/SDKs/MacOSX10.15.sdk/System/Library/Frameworks/Cocoa.framework; sourceTree = DEVELOPER_DIR; };
		1A60E50578F9AA3C498098E8 /* AppDelegate.swift */ = {isa = PBXFileReference; includeInIndex = 1; lastKnownFileType = sourcecode.swift; path = AppDelegate.swift; sourceTree = "<group>"; };
		1CF649478DB0B254DBBEC755 /* AppKit.framework */ = {isa = PBXFileReference; lastKnownFileType = wrapper.framework; name = AppKit.framework; path = Platforms/MacOSX.platform/Developer/SDKs/MacOSX10.15.sdk/System/Library/Frameworks/AppKit.framework; sourceTree = DEVELOPER_DIR; };
		1E050E31E79C948D86A09618 /* ControllerBroker.swift */ = {isa = PBXFileReference; includeInIndex = 1; lastKnownFileType = sourcecode.swift; path = ControllerBroker.swift; sourceTree = "<group>"; };
		1E16015099E71717B86CED9A /* ProfileCoordinator.swift */ = {isa = PBXFileReference; includeInIndex = 1; lastKnownFileType = sourcecode.swift; path = ProfileCoordinator.swift; sourceTree = "<group>"; };
		2B3C8CE3093799B4C41BA8DA /* IOKit.framework */ = {isa = PBXFileReference; lastKnownFileType = wrapper.framework; name = IOKit.framework; path = Platforms/MacOSX.platform/Developer/SDKs/MacOSX10.15.sdk/System/Library/Frameworks/IOKit.framework; sourceTree = DEVELOPER_DIR; };
		417D8B3F2F89BE88AC0FFC01 /* mihomo */ = {isa = PBXFileReference; includeInIndex = 0; lastKnownFileType = "compiled.mach-o.executable"; name = mihomo; path = .build/staging/mihomo; sourceTree = "<group>"; };
		41C2006547C1940BC0116658 /* MihomoProfileLanguage.swift */ = {isa = PBXFileReference; includeInIndex = 1; lastKnownFileType = sourcecode.swift; path = MihomoProfileLanguage.swift; sourceTree = "<group>"; };
		44EFA567AAF5371A46D17DEE /* Security.framework */ = {isa = PBXFileReference; lastKnownFileType = wrapper.framework; name = Security.framework; path = Platforms/MacOSX.platform/Developer/SDKs/MacOSX10.15.sdk/System/Library/Frameworks/Security.framework; sourceTree = DEVELOPER_DIR; };
		479C4001A4E67E4F3E8C7A06 /* mihomo-agent */ = {isa = PBXFileReference; includeInIndex = 0; path = "mihomo-agent"; sourceTree = BUILT_PRODUCTS_DIR; };
		481CFD4AFFFEE7AA13347A6B /* AppLog.swift */ = {isa = PBXFileReference; includeInIndex = 1; lastKnownFileType = sourcecode.swift; path = AppLog.swift; sourceTree = "<group>"; };
		496022A584D45D845C0528E7 /* StatusItemController.swift */ = {isa = PBXFileReference; includeInIndex = 1; lastKnownFileType = sourcecode.swift; path = StatusItemController.swift; sourceTree = "<group>"; };
		4DD11BCE5CF49DD4C8501295 /* LocalDoHStatusProvider.swift */ = {isa = PBXFileReference; includeInIndex = 1; lastKnownFileType = sourcecode.swift; path = LocalDoHStatusProvider.swift; sourceTree = "<group>"; };
		4F34F55FCC9D439FCFD6946A /* SystemConfiguration.framework */ = {isa = PBXFileReference; lastKnownFileType = wrapper.framework; name = SystemConfiguration.framework; path = Platforms/MacOSX.platform/Developer/SDKs/MacOSX10.15.sdk/System/Library/Frameworks/SystemConfiguration.framework; sourceTree = DEVELOPER_DIR; };
		523E14332D8F9F26BF5BB38D /* main.swift */ = {isa = PBXFileReference; includeInIndex = 1; lastKnownFileType = sourcecode.swift; path = main.swift; sourceTree = "<group>"; };
		586E4D5711F05FD9C34C5443 /* LoginAutostartController.swift */ = {isa = PBXFileReference; includeInIndex = 1; lastKnownFileType = sourcecode.swift; path = LoginAutostartController.swift; sourceTree = "<group>"; };
		6756BF8F368CC59A15493FF9 /* mihomoboxctl */ = {isa = PBXFileReference; includeInIndex = 0; path = mihomoboxctl; sourceTree = BUILT_PRODUCTS_DIR; };
		6800BBB4BA267C89F221FA17 /* TrayStateCoordinator.swift */ = {isa = PBXFileReference; includeInIndex = 1; lastKnownFileType = sourcecode.swift; path = TrayStateCoordinator.swift; sourceTree = "<group>"; };
		7B2C8F14781855B8649F10B7 /* XcodeCloud.xcconfig */ = {isa = PBXFileReference; includeInIndex = 1; lastKnownFileType = text.xcconfig; path = XcodeCloud.xcconfig; sourceTree = "<group>"; };
		8709A3FBE110FD708D7E287D /* main.swift */ = {isa = PBXFileReference; includeInIndex = 1; lastKnownFileType = sourcecode.swift; path = main.swift; sourceTree = "<group>"; };
		8D464BA15DA23325A30C049E /* main.swift */ = {isa = PBXFileReference; includeInIndex = 1; lastKnownFileType = sourcecode.swift; path = main.swift; sourceTree = "<group>"; };
		8FC1578C336FCE0739145892 /* MihomoBoxMain.swift */ = {isa = PBXFileReference; includeInIndex = 1; lastKnownFileType = sourcecode.swift; path = MihomoBoxMain.swift; sourceTree = "<group>"; };
		90FD7EBD87D2F80FEBEF952D /* ProfileBroker.swift */ = {isa = PBXFileReference; includeInIndex = 1; lastKnownFileType = sourcecode.swift; path = ProfileBroker.swift; sourceTree = "<group>"; };
		94FC2085623B0EC98B98BCFD /* ComponentUpdater.swift */ = {isa = PBXFileReference; includeInIndex = 1; lastKnownFileType = sourcecode.swift; path = ComponentUpdater.swift; sourceTree = "<group>"; };
		9FCA8554988DAE36431BF9F4 /* InstallerCoordinator.swift */ = {isa = PBXFileReference; includeInIndex = 1; lastKnownFileType = sourcecode.swift; path = InstallerCoordinator.swift; sourceTree = "<group>"; };
		A2627158FF6F3C0731951B8D /* XcodeCloud-Info.plist */ = {isa = PBXFileReference; includeInIndex = 1; lastKnownFileType = text.plist.xml; path = "XcodeCloud-Info.plist"; sourceTree = "<group>"; };
		B1A7CE955B5C29E6A00F7F01 /* AgentSupervisor.swift */ = {isa = PBXFileReference; includeInIndex = 1; lastKnownFileType = sourcecode.swift; path = AgentSupervisor.swift; sourceTree = "<group>"; };
		B6B72B6CF0012F8AA7B7F1D5 /* TrayControlClient.swift */ = {isa = PBXFileReference; includeInIndex = 1; lastKnownFileType = sourcecode.swift; path = TrayControlClient.swift; sourceTree = "<group>"; };
		C370E6B795E9B7E33E67784E /* mihomo-daemon */ = {isa = PBXFileReference; includeInIndex = 0; path = "mihomo-daemon"; sourceTree = BUILT_PRODUCTS_DIR; };
		C9E4798F2D5DBE4C42DFD092 /* TrayModel.swift */ = {isa = PBXFileReference; includeInIndex = 1; lastKnownFileType = sourcecode.swift; path = TrayModel.swift; sourceTree = "<group>"; };
		E486081D65C450621277681B /* ControlServer.swift */ = {isa = PBXFileReference; includeInIndex = 1; lastKnownFileType = sourcecode.swift; path = ControlServer.swift; sourceTree = "<group>"; };
		F1BE78C294AFD759604BECDD /* SparkleUpdateController.swift */ = {isa = PBXFileReference; includeInIndex = 1; lastKnownFileType = sourcecode.swift; path = SparkleUpdateController.swift; sourceTree = "<group>"; };
		F2142EC81028E4D27A9AF979 /* UniformTypeIdentifiers.framework */ = {isa = PBXFileReference; lastKnownFileType = wrapper.framework; name = UniformTypeIdentifiers.framework; path = Platforms/MacOSX.platform/Developer/SDKs/MacOSX10.15.sdk/System/Library/Frameworks/UniformTypeIdentifiers.framework; sourceTree = DEVELOPER_DIR; };
		F9B54E17E98F74D99366FA73 /* ComponentSynchronizer.swift */ = {isa = PBXFileReference; includeInIndex = 1; lastKnownFileType = sourcecode.swift; path = ComponentSynchronizer.swift; sourceTree = "<group>"; };
		FEF3485FD40C4DA54679BD0C /* MihomoBox.app */ = {isa = PBXFileReference; explicitFileType = wrapper.application; includeInIndex = 0; path = MihomoBox.app; sourceTree = BUILT_PRODUCTS_DIR; };
/* End PBXFileReference section */

/* Begin PBXFrameworksBuildPhase section */
		4D7BBBC77371DC94A17A5FE8 /* Frameworks */ = {
			isa = PBXFrameworksBuildPhase;
			buildActionMask = 2147483647;
			files = (
				CE5382F9E431C280B3670D2C /* Cocoa.framework in Frameworks */,
				437C533FFDF7363816FFB347 /* MihomoControl in Frameworks */,
				1571369D1D1E26F5D7B4549D /* MihomoDNSCore in Frameworks */,
				0AB8B4995D8080215845B08B /* Security.framework in Frameworks */,
				1692D86AA492086BBC91CBC4 /* SystemConfiguration.framework in Frameworks */,
			);
			runOnlyForDeploymentPostprocessing = 0;
		};
		57CE5ADA91165E2BF1C3019C /* Frameworks */ = {
			isa = PBXFrameworksBuildPhase;
			buildActionMask = 2147483647;
			files = (
				0163B2450BA163D262B26FF4 /* Cocoa.framework in Frameworks */,
				3CCD552459D1F923F335F37F /* MihomoControl in Frameworks */,
				ABE4500FB13878E577E13E45 /* Security.framework in Frameworks */,
			);
			runOnlyForDeploymentPostprocessing = 0;
		};
		8FBC96AA441C0E613579EBBF /* Frameworks */ = {
			isa = PBXFrameworksBuildPhase;
			buildActionMask = 2147483647;
			files = (
				D5235DCD4ECF63B2BDF626AE /* Cocoa.framework in Frameworks */,
				79E26AF9B4C54ADE83FD0B7B /* MihomoDNSCore in Frameworks */,
				6816C8F368E1D01B274CC45E /* IOKit.framework in Frameworks */,
				D84ADFE14FAEEC88B4229773 /* SystemConfiguration.framework in Frameworks */,
			);
			runOnlyForDeploymentPostprocessing = 0;
		};
		AB54A6757D4D0F2BFAEF850F /* Frameworks */ = {
			isa = PBXFrameworksBuildPhase;
			buildActionMask = 2147483647;
			files = (
				C08C7DF11C751BBED2935FA6 /* Cocoa.framework in Frameworks */,
				C5C4128013F12C28E076155C /* MihomoControl in Frameworks */,
				872737AC0EB8911B6BEE2AED /* MihomoDNSCore in Frameworks */,
				AA971BB7DF956F80CC08B9E1 /* MihomoBoxUI in Frameworks */,
				00C850377E5BF2897D0297BA /* Sparkle in Frameworks */,
				C86FC512C80191FECE75DEB9 /* AppKit.framework in Frameworks */,
				9AE34E5D4FA89C9156694329 /* Security.framework in Frameworks */,
				099B4FF1A8340951979EB921 /* UniformTypeIdentifiers.framework in Frameworks */,
			);
			runOnlyForDeploymentPostprocessing = 0;
		};
/* End PBXFrameworksBuildPhase section */

/* Begin PBXGroup section */
		0FC5120EB3A02551B54392AF /* Products */ = {
			isa = PBXGroup;
			children = (
				C370E6B795E9B7E33E67784E /* mihomo-daemon */,
				479C4001A4E67E4F3E8C7A06 /* mihomo-agent */,
				6756BF8F368CC59A15493FF9 /* mihomoboxctl */,
				FEF3485FD40C4DA54679BD0C /* MihomoBox.app */,
			);
			name = Products;
			sourceTree = "<group>";
		};
		1B25FBC93C23B6E751371B6E /* OS X */ = {
			isa = PBXGroup;
			children = (
				13F4018AFC1722FD14C83B5D /* Cocoa.framework */,
				44EFA567AAF5371A46D17DEE /* Security.framework */,
				4F34F55FCC9D439FCFD6946A /* SystemConfiguration.framework */,
				2B3C8CE3093799B4C41BA8DA /* IOKit.framework */,
				1CF649478DB0B254DBBEC755 /* AppKit.framework */,
				F2142EC81028E4D27A9AF979 /* UniformTypeIdentifiers.framework */,
			);
			name = "OS X";
			sourceTree = "<group>";
		};
		30A3E806E1F0994ADD3FB219 /* Configuration */ = {
			isa = PBXGroup;
			children = (
				7B2C8F14781855B8649F10B7 /* XcodeCloud.xcconfig */,
				A2627158FF6F3C0731951B8D /* XcodeCloud-Info.plist */,
			);
			name = Configuration;
			path = ../Config;
			sourceTree = "<group>";
		};
		3CAD424AD8F39CFAE99C05E1 /* Pinned Build Inputs */ = {
			isa = PBXGroup;
			children = (
				417D8B3F2F89BE88AC0FFC01 /* mihomo */,
			);
			name = "Pinned Build Inputs";
			path = ..;
			sourceTree = "<group>";
		};
		4C4660CE75EAF59D22C2805E /* Daemon Sources */ = {
			isa = PBXGroup;
			children = (
				B1A7CE955B5C29E6A00F7F01 /* AgentSupervisor.swift */,
				94FC2085623B0EC98B98BCFD /* ComponentUpdater.swift */,
				E486081D65C450621277681B /* ControlServer.swift */,
				1E050E31E79C948D86A09618 /* ControllerBroker.swift */,
				12FE68725B51DA4DB03D050F /* LocalDoHManager.swift */,
				4DD11BCE5CF49DD4C8501295 /* LocalDoHStatusProvider.swift */,
				90FD7EBD87D2F80FEBEF952D /* ProfileBroker.swift */,
				8709A3FBE110FD708D7E287D /* main.swift */,
			);
			name = "Daemon Sources";
			path = ../Sources/MihomoDaemon;
			sourceTree = "<group>";
		};
		569B3442920599208B9D1F62 /* Agent Sources */ = {
			isa = PBXGroup;
			children = (
				523E14332D8F9F26BF5BB38D /* main.swift */,
			);
			name = "Agent Sources";
			path = ../Sources/MihomoAgent;
			sourceTree = "<group>";
		};
		634DD8FDA5F241368E49264B /* App Sources */ = {
			isa = PBXGroup;
			children = (
				1A60E50578F9AA3C498098E8 /* AppDelegate.swift */,
				481CFD4AFFFEE7AA13347A6B /* AppLog.swift */,
				F9B54E17E98F74D99366FA73 /* ComponentSynchronizer.swift */,
				9FCA8554988DAE36431BF9F4 /* InstallerCoordinator.swift */,
				048148D6F15A519C68068D05 /* LocalDoHCoordinator.swift */,
				586E4D5711F05FD9C34C5443 /* LoginAutostartController.swift */,
				8FC1578C336FCE0739145892 /* MihomoBoxMain.swift */,
				41C2006547C1940BC0116658 /* MihomoProfileLanguage.swift */,
				1E16015099E71717B86CED9A /* ProfileCoordinator.swift */,
				1357B94EF3ADB2E8A3357FBF /* ProfileEditorPrompt.swift */,
				F1BE78C294AFD759604BECDD /* SparkleUpdateController.swift */,
				496022A584D45D845C0528E7 /* StatusItemController.swift */,
				B6B72B6CF0012F8AA7B7F1D5 /* TrayControlClient.swift */,
				C9E4798F2D5DBE4C42DFD092 /* TrayModel.swift */,
				6800BBB4BA267C89F221FA17 /* TrayStateCoordinator.swift */,
			);
			name = "App Sources";
			path = ../Sources/MihomoBoxApp;
			sourceTree = "<group>";
		};
		9AF4CB1D9A04D47FAE90522C /* CLI Sources */ = {
			isa = PBXGroup;
			children = (
				8D464BA15DA23325A30C049E /* main.swift */,
			);
			name = "CLI Sources";
			path = ../Sources/MihomoBoxCLI;
			sourceTree = "<group>";
		};
		B14C48970B8DD4D314E9E997 /* Frameworks */ = {
			isa = PBXGroup;
			children = (
				1B25FBC93C23B6E751371B6E /* OS X */,
			);
			name = Frameworks;
			sourceTree = "<group>";
		};
		F27372B3DC9338CF10BAEAA5 = {
			isa = PBXGroup;
			children = (
				0FC5120EB3A02551B54392AF /* Products */,
				B14C48970B8DD4D314E9E997 /* Frameworks */,
				30A3E806E1F0994ADD3FB219 /* Configuration */,
				4C4660CE75EAF59D22C2805E /* Daemon Sources */,
				569B3442920599208B9D1F62 /* Agent Sources */,
				9AF4CB1D9A04D47FAE90522C /* CLI Sources */,
				634DD8FDA5F241368E49264B /* App Sources */,
				3CAD424AD8F39CFAE99C05E1 /* Pinned Build Inputs */,
			);
			sourceTree = "<group>";
		};
/* End PBXGroup section */

/* Begin PBXNativeTarget section */
		416EA616C2BC271B67B008F6 /* MihomoBoxCLI */ = {
			isa = PBXNativeTarget;
			buildConfigurationList = 382FB7484F2F658C0300DA46 /* Build configuration list for PBXNativeTarget "MihomoBoxCLI" */;
			buildPhases = (
				31B75769C96DAD23AA78421D /* Sources */,
				57CE5ADA91165E2BF1C3019C /* Frameworks */,
			);
			buildRules = (
			);
			dependencies = (
			);
			name = MihomoBoxCLI;
			packageProductDependencies = (
				8ACFB4D95FF3735EB9BA8AD9 /* MihomoControl */,
			);
			productName = mihomoboxctl;
			productReference = 6756BF8F368CC59A15493FF9 /* mihomoboxctl */;
			productType = "com.apple.product-type.tool";
		};
		A293E4A61E02D254370C10B4 /* MihomoDaemon */ = {
			isa = PBXNativeTarget;
			buildConfigurationList = 020171A2950B0733BDB18A26 /* Build configuration list for PBXNativeTarget "MihomoDaemon" */;
			buildPhases = (
				66D75AF0509950290C3DF8AE /* Sources */,
				4D7BBBC77371DC94A17A5FE8 /* Frameworks */,
			);
			buildRules = (
			);
			dependencies = (
			);
			name = MihomoDaemon;
			packageProductDependencies = (
				F3C444C4CB7E9AC5FD1652FB /* MihomoControl */,
				D84D9E2E7EF6A6AE6CABDF01 /* MihomoDNSCore */,
			);
			productName = "mihomo-daemon";
			productReference = C370E6B795E9B7E33E67784E /* mihomo-daemon */;
			productType = "com.apple.product-type.tool";
		};
		F7D14065FC73E464AB203B7B /* MihomoBox */ = {
			isa = PBXNativeTarget;
			buildConfigurationList = F80D0F3B23C706FA9C3CF8DE /* Build configuration list for PBXNativeTarget "MihomoBox" */;
			buildPhases = (
				81643E92C89AA7B8C336A2B5 /* Sources */,
				AB54A6757D4D0F2BFAEF850F /* Frameworks */,
				C92879810626F6889FCAB201 /* Resources */,
				37656AF3A173CEE5D3FF52AE /* Prepare pinned Mihomo and icon inputs */,
				E54B34D6153CE9075BB8680E /* Embed signed helper executables */,
				F363F883EE1B00D86EB8E7CD /* Embed signed pinned Mihomo */,
				A1CA59241450969B5039C0A5 /* Assemble audited application resources */,
			);
			buildRules = (
			);
			dependencies = (
				28EE0092E9529CF0724154CA /* PBXTargetDependency */,
				F4DE031FD7FE136E5C5A39D1 /* PBXTargetDependency */,
				FDE748A3AAF6378F03B477C2 /* PBXTargetDependency */,
			);
			name = MihomoBox;
			packageProductDependencies = (
				4E200B8257A25EF8AFE99F6A /* MihomoControl */,
				58954311EA3816E8D9C89BC1 /* MihomoDNSCore */,
				718411A53B8D16BC13ADA862 /* MihomoBoxUI */,
				B8FB655E9FEE8FB2ECC3488E /* Sparkle */,
			);
			productName = MihomoBox;
			productReference = FEF3485FD40C4DA54679BD0C /* MihomoBox.app */;
			productType = "com.apple.product-type.application";
		};
		FA936C96AEEB7D35E5F287F7 /* MihomoAgent */ = {
			isa = PBXNativeTarget;
			buildConfigurationList = 89199B25F8809A5131B433D3 /* Build configuration list for PBXNativeTarget "MihomoAgent" */;
			buildPhases = (
				EA67E1F3196B506E22A945C2 /* Sources */,
				8FBC96AA441C0E613579EBBF /* Frameworks */,
			);
			buildRules = (
			);
			dependencies = (
			);
			name = MihomoAgent;
			packageProductDependencies = (
				9496E62A642F63C607877114 /* MihomoDNSCore */,
			);
			productName = "mihomo-agent";
			productReference = 479C4001A4E67E4F3E8C7A06 /* mihomo-agent */;
			productType = "com.apple.product-type.tool";
		};
/* End PBXNativeTarget section */

/* Begin PBXProject section */
		7E096FA01C24845AEA35A678 /* Project object */ = {
			isa = PBXProject;
			attributes = {
				BuildIndependentTargetsInParallel = YES;
				LastSwiftUpdateCheck = 2660;
				LastUpgradeCheck = 2660;
			};
			buildConfigurationList = 773E7D12256692AB1C2EE665 /* Build configuration list for PBXProject "MihomoBox" */;
			compatibilityVersion = "Xcode 3.2";
			developmentRegion = en;
			hasScannedForEncodings = 0;
			knownRegions = (
				en,
				Base,
			);
			mainGroup = F27372B3DC9338CF10BAEAA5;
			packageReferences = (
				07F839A461403A768C7C5D8D /* XCLocalSwiftPackageReference ".." */,
				4CE915786C7DAAAC784785E9 /* XCRemoteSwiftPackageReference "Sparkle" */,
			);
			productRefGroup = 0FC5120EB3A02551B54392AF /* Products */;
			projectDirPath = "";
			projectRoot = "";
			targets = (
				A293E4A61E02D254370C10B4 /* MihomoDaemon */,
				FA936C96AEEB7D35E5F287F7 /* MihomoAgent */,
				416EA616C2BC271B67B008F6 /* MihomoBoxCLI */,
				F7D14065FC73E464AB203B7B /* MihomoBox */,
			);
		};
/* End PBXProject section */

/* Begin PBXResourcesBuildPhase section */
		C92879810626F6889FCAB201 /* Resources */ = {
			isa = PBXResourcesBuildPhase;
			buildActionMask = 2147483647;
			files = (
			);
			runOnlyForDeploymentPostprocessing = 0;
		};
/* End PBXResourcesBuildPhase section */

/* Begin PBXShellScriptBuildPhase section */
		37656AF3A173CEE5D3FF52AE /* Prepare pinned Mihomo and icon inputs */ = {
			isa = PBXShellScriptBuildPhase;
			alwaysOutOfDate = 1;
			buildActionMask = 2147483647;
			files = (
			);
			inputFileListPaths = (
			);
			inputPaths = (
				"$(SRCROOT)/../scripts/fetch-mihomo.sh",
				"$(SRCROOT)/../scripts/prepare-icons.sh",
				"$(SRCROOT)/../Resources/AppIcon/icon.icns",
			);
			name = "Prepare pinned Mihomo and icon inputs";
			outputFileListPaths = (
			);
			outputPaths = (
				"$(SRCROOT)/../.build/staging/mihomo",
			);
			runOnlyForDeploymentPostprocessing = 0;
			shellPath = /bin/bash;
			shellScript = "set -euo pipefail\nTARGET_TRIPLE=aarch64-apple-darwin \"$SRCROOT/../scripts/fetch-mihomo.sh\"\n/usr/bin/install -m 0755 \\\n  \"$SRCROOT/../.build/staging/mihomo-aarch64-apple-darwin\" \\\n  \"$SRCROOT/../.build/staging/mihomo\"\n\"$SRCROOT/../scripts/prepare-icons.sh\"\n";
		};
		A1CA59241450969B5039C0A5 /* Assemble audited application resources */ = {
			isa = PBXShellScriptBuildPhase;
			alwaysOutOfDate = 1;
			buildActionMask = 2147483647;
			files = (
			);
			inputFileListPaths = (
			);
			inputPaths = (
			);
			name = "Assemble audited application resources";
			outputFileListPaths = (
			);
			outputPaths = (
			);
			runOnlyForDeploymentPostprocessing = 0;
			shellPath = /bin/bash;
			shellScript = "\"$SRCROOT/../scripts/assemble-xcode-cloud-resources.sh\"";
		};
/* End PBXShellScriptBuildPhase section */

/* Begin PBXSourcesBuildPhase section */
		31B75769C96DAD23AA78421D /* Sources */ = {
			isa = PBXSourcesBuildPhase;
			buildActionMask = 2147483647;
			files = (
				F05E6785C89698A525A214EF /* main.swift in Sources */,
			);
			runOnlyForDeploymentPostprocessing = 0;
		};
		66D75AF0509950290C3DF8AE /* Sources */ = {
			isa = PBXSourcesBuildPhase;
			buildActionMask = 2147483647;
			files = (
				F0FDCB40C3291F3329DC37AF /* AgentSupervisor.swift in Sources */,
				98C089059EDF05B1CDFCD6D5 /* ComponentUpdater.swift in Sources */,
				1D8D167D0C50453632DC3D6D /* ControlServer.swift in Sources */,
				D6F34BB1AE03242C7ACF7A82 /* ControllerBroker.swift in Sources */,
				D4A209842538AAE3F3D21C1B /* LocalDoHManager.swift in Sources */,
				B80B59C1113C3B556EBFAAD5 /* LocalDoHStatusProvider.swift in Sources */,
				1897B4EC2D5A04CC00875187 /* ProfileBroker.swift in Sources */,
				22FBB9350BD72FCEE65CF8BC /* main.swift in Sources */,
			);
			runOnlyForDeploymentPostprocessing = 0;
		};
		81643E92C89AA7B8C336A2B5 /* Sources */ = {
			isa = PBXSourcesBuildPhase;
			buildActionMask = 2147483647;
			files = (
				945F95C1D1DD906A9F40E8E6 /* AppDelegate.swift in Sources */,
				FBBC371C0377215ABAD6F051 /* AppLog.swift in Sources */,
				48C78DC7424A17349DA448BD /* ComponentSynchronizer.swift in Sources */,
				0F1DECFEFA5B2F6067FFE694 /* InstallerCoordinator.swift in Sources */,
				72C1F82965891EBD8250208D /* LocalDoHCoordinator.swift in Sources */,
				E05088CE7CA6FCA29029B983 /* LoginAutostartController.swift in Sources */,
				9783D5E519CF1697FDF50530 /* MihomoBoxMain.swift in Sources */,
				CD7DAF4D00C8F28A4E244E1C /* MihomoProfileLanguage.swift in Sources */,
				1EB9785F6FE578FD669936BF /* ProfileCoordinator.swift in Sources */,
				7DBED8F5B30C7901ADE7E3BD /* ProfileEditorPrompt.swift in Sources */,
				ABDB0BE47EA6B2E45C11D443 /* SparkleUpdateController.swift in Sources */,
				B18875440114C193A53B3E61 /* StatusItemController.swift in Sources */,
				01024EFC78B3BEDE281E5039 /* TrayControlClient.swift in Sources */,
				5B84C01AB0593830F8B9F25A /* TrayModel.swift in Sources */,
				DE60B3F770F449286528CEAA /* TrayStateCoordinator.swift in Sources */,
			);
			runOnlyForDeploymentPostprocessing = 0;
		};
		EA67E1F3196B506E22A945C2 /* Sources */ = {
			isa = PBXSourcesBuildPhase;
			buildActionMask = 2147483647;
			files = (
				D19379172AEB8EE9BD7E01D5 /* main.swift in Sources */,
			);
			runOnlyForDeploymentPostprocessing = 0;
		};
/* End PBXSourcesBuildPhase section */

/* Begin PBXTargetDependency section */
		28EE0092E9529CF0724154CA /* PBXTargetDependency */ = {
			isa = PBXTargetDependency;
			name = MihomoDaemon;
			target = A293E4A61E02D254370C10B4 /* MihomoDaemon */;
			targetProxy = CB9E60A0EC83C1AFFDBB52D6 /* PBXContainerItemProxy */;
		};
		F4DE031FD7FE136E5C5A39D1 /* PBXTargetDependency */ = {
			isa = PBXTargetDependency;
			name = MihomoAgent;
			target = FA936C96AEEB7D35E5F287F7 /* MihomoAgent */;
			targetProxy = 513AC5782C6ACD6C4A6F9FD2 /* PBXContainerItemProxy */;
		};
		FDE748A3AAF6378F03B477C2 /* PBXTargetDependency */ = {
			isa = PBXTargetDependency;
			name = MihomoBoxCLI;
			target = 416EA616C2BC271B67B008F6 /* MihomoBoxCLI */;
			targetProxy = 35AD05C0850D367118FF9429 /* PBXContainerItemProxy */;
		};
/* End PBXTargetDependency section */

/* Begin XCBuildConfiguration section */
		0D46C9CC11864E398BF491D6 /* Release */ = {
			isa = XCBuildConfiguration;
			baseConfigurationReference = 7B2C8F14781855B8649F10B7 /* XcodeCloud.xcconfig */;
			buildSettings = {
				ALWAYS_SEARCH_USER_PATHS = NO;
				CLANG_ANALYZER_NONNULL = YES;
				CLANG_ANALYZER_NUMBER_OBJECT_CONVERSION = YES_AGGRESSIVE;
				CLANG_CXX_LANGUAGE_STANDARD = "gnu++14";
				CLANG_CXX_LIBRARY = "libc++";
				CLANG_ENABLE_MODULES = YES;
				CLANG_ENABLE_OBJC_ARC = YES;
				CLANG_ENABLE_OBJC_WEAK = YES;
				CLANG_WARN_BLOCK_CAPTURE_AUTORELEASING = YES;
				CLANG_WARN_BOOL_CONVERSION = YES;
				CLANG_WARN_COMMA = YES;
				CLANG_WARN_CONSTANT_CONVERSION = YES;
				CLANG_WARN_DEPRECATED_OBJC_IMPLEMENTATIONS = YES;
				CLANG_WARN_DIRECT_OBJC_ISA_USAGE = YES_ERROR;
				CLANG_WARN_DOCUMENTATION_COMMENTS = YES;
				CLANG_WARN_EMPTY_BODY = YES;
				CLANG_WARN_ENUM_CONVERSION = YES;
				CLANG_WARN_INFINITE_RECURSION = YES;
				CLANG_WARN_INT_CONVERSION = YES;
				CLANG_WARN_NON_LITERAL_NULL_CONVERSION = YES;
				CLANG_WARN_OBJC_IMPLICIT_RETAIN_SELF = YES;
				CLANG_WARN_OBJC_LITERAL_CONVERSION = YES;
				CLANG_WARN_OBJC_ROOT_CLASS = YES_ERROR;
				CLANG_WARN_QUOTED_INCLUDE_IN_FRAMEWORK_HEADER = YES;
				CLANG_WARN_RANGE_LOOP_ANALYSIS = YES;
				CLANG_WARN_STRICT_PROTOTYPES = YES;
				CLANG_WARN_SUSPICIOUS_MOVE = YES;
				CLANG_WARN_UNGUARDED_AVAILABILITY = YES_AGGRESSIVE;
				CLANG_WARN_UNREACHABLE_CODE = YES;
				CLANG_WARN__DUPLICATE_METHOD_MATCH = YES;
				COPY_PHASE_STRIP = NO;
				DEBUG_INFORMATION_FORMAT = "dwarf-with-dsym";
				ENABLE_NS_ASSERTIONS = NO;
				ENABLE_STRICT_OBJC_MSGSEND = YES;
				GCC_C_LANGUAGE_STANDARD = gnu11;
				GCC_NO_COMMON_BLOCKS = YES;
				GCC_WARN_64_TO_32_BIT_CONVERSION = YES;
				GCC_WARN_ABOUT_RETURN_TYPE = YES_ERROR;
				GCC_WARN_UNDECLARED_SELECTOR = YES;
				GCC_WARN_UNINITIALIZED_AUTOS = YES_AGGRESSIVE;
				GCC_WARN_UNUSED_FUNCTION = YES;
				GCC_WARN_UNUSED_VARIABLE = YES;
				MACOSX_DEPLOYMENT_TARGET = 14.0;
				MTL_ENABLE_DEBUG_INFO = NO;
				MTL_FAST_MATH = YES;
				PRODUCT_NAME = "$(TARGET_NAME)";
				SWIFT_COMPILATION_MODE = wholemodule;
				SWIFT_OPTIMIZATION_LEVEL = "-O";
				SWIFT_VERSION = 5.0;
			};
			name = Release;
		};
		15BCCAE847BABE1E8EC6C302 /* Release */ = {
			isa = XCBuildConfiguration;
			buildSettings = {
				ASSETCATALOG_COMPILER_APPICON_NAME = AppIcon;
				ASSETCATALOG_COMPILER_GLOBAL_ACCENT_COLOR_NAME = AccentColor;
				CODE_SIGN_STYLE = Automatic;
				COMBINE_HIDPI_IMAGES = YES;
				DEVELOPMENT_TEAM = 89LGY6BD53;
				ENABLE_HARDENED_RUNTIME = YES;
				EXECUTABLE_NAME = "mihomo-app";
				GENERATE_INFOPLIST_FILE = NO;
				INFOPLIST_FILE = "../Config/XcodeCloud-Info.plist";
				LD_RUNPATH_SEARCH_PATHS = "$(inherited) @executable_path/../Frameworks";
				MACOSX_DEPLOYMENT_TARGET = 14.0;
				PRODUCT_BUNDLE_IDENTIFIER = "dev.linsheng.mihomo-app";
				PRODUCT_NAME = MihomoBox;
				SDKROOT = macosx;
				SKIP_INSTALL = NO;
				SWIFT_VERSION = 5.0;
			};
			name = Release;
		};
		432196F0214D992FE831D6E7 /* Debug */ = {
			isa = XCBuildConfiguration;
			buildSettings = {
				CODE_SIGN_STYLE = Automatic;
				DEVELOPMENT_TEAM = 89LGY6BD53;
				ENABLE_HARDENED_RUNTIME = YES;
				MACOSX_DEPLOYMENT_TARGET = 14.0;
				PRODUCT_NAME = "mihomo-daemon";
				SDKROOT = macosx;
				SKIP_INSTALL = YES;
				SWIFT_VERSION = 5.0;
			};
			name = Debug;
		};
		478233C9C8206BCC5B04A62B /* Release */ = {
			isa = XCBuildConfiguration;
			buildSettings = {
				CODE_SIGN_STYLE = Automatic;
				DEVELOPMENT_TEAM = 89LGY6BD53;
				ENABLE_HARDENED_RUNTIME = YES;
				MACOSX_DEPLOYMENT_TARGET = 14.0;
				PRODUCT_NAME = "mihomo-daemon";
				SDKROOT = macosx;
				SKIP_INSTALL = YES;
				SWIFT_VERSION = 5.0;
			};
			name = Release;
		};
		5E1DF5F25D650B8724225A80 /* Release */ = {
			isa = XCBuildConfiguration;
			buildSettings = {
				CODE_SIGN_STYLE = Automatic;
				DEVELOPMENT_TEAM = 89LGY6BD53;
				ENABLE_HARDENED_RUNTIME = YES;
				MACOSX_DEPLOYMENT_TARGET = 14.0;
				PRODUCT_NAME = mihomoboxctl;
				SDKROOT = macosx;
				SKIP_INSTALL = YES;
				SWIFT_VERSION = 5.0;
			};
			name = Release;
		};
		611CDD59E6FDBBB605B34146 /* Debug */ = {
			isa = XCBuildConfiguration;
			buildSettings = {
				ASSETCATALOG_COMPILER_APPICON_NAME = AppIcon;
				ASSETCATALOG_COMPILER_GLOBAL_ACCENT_COLOR_NAME = AccentColor;
				CODE_SIGN_STYLE = Automatic;
				COMBINE_HIDPI_IMAGES = YES;
				DEVELOPMENT_TEAM = 89LGY6BD53;
				ENABLE_HARDENED_RUNTIME = YES;
				EXECUTABLE_NAME = "mihomo-app";
				GENERATE_INFOPLIST_FILE = NO;
				INFOPLIST_FILE = "../Config/XcodeCloud-Info.plist";
				LD_RUNPATH_SEARCH_PATHS = "$(inherited) @executable_path/../Frameworks";
				MACOSX_DEPLOYMENT_TARGET = 14.0;
				PRODUCT_BUNDLE_IDENTIFIER = "dev.linsheng.mihomo-app";
				PRODUCT_NAME = MihomoBox;
				SDKROOT = macosx;
				SKIP_INSTALL = NO;
				SWIFT_VERSION = 5.0;
			};
			name = Debug;
		};
		A40E0E7DEAB3A827F549CFBE /* Release */ = {
			isa = XCBuildConfiguration;
			buildSettings = {
				CODE_SIGN_STYLE = Automatic;
				DEVELOPMENT_TEAM = 89LGY6BD53;
				ENABLE_HARDENED_RUNTIME = YES;
				MACOSX_DEPLOYMENT_TARGET = 14.0;
				PRODUCT_NAME = "mihomo-agent";
				SDKROOT = macosx;
				SKIP_INSTALL = YES;
				SWIFT_VERSION = 5.0;
			};
			name = Release;
		};
		DF865F6EFBECC05560A61B0F /* Debug */ = {
			isa = XCBuildConfiguration;
			baseConfigurationReference = 7B2C8F14781855B8649F10B7 /* XcodeCloud.xcconfig */;
			buildSettings = {
				ALWAYS_SEARCH_USER_PATHS = NO;
				CLANG_ANALYZER_NONNULL = YES;
				CLANG_ANALYZER_NUMBER_OBJECT_CONVERSION = YES_AGGRESSIVE;
				CLANG_CXX_LANGUAGE_STANDARD = "gnu++14";
				CLANG_CXX_LIBRARY = "libc++";
				CLANG_ENABLE_MODULES = YES;
				CLANG_ENABLE_OBJC_ARC = YES;
				CLANG_ENABLE_OBJC_WEAK = YES;
				CLANG_WARN_BLOCK_CAPTURE_AUTORELEASING = YES;
				CLANG_WARN_BOOL_CONVERSION = YES;
				CLANG_WARN_COMMA = YES;
				CLANG_WARN_CONSTANT_CONVERSION = YES;
				CLANG_WARN_DEPRECATED_OBJC_IMPLEMENTATIONS = YES;
				CLANG_WARN_DIRECT_OBJC_ISA_USAGE = YES_ERROR;
				CLANG_WARN_DOCUMENTATION_COMMENTS = YES;
				CLANG_WARN_EMPTY_BODY = YES;
				CLANG_WARN_ENUM_CONVERSION = YES;
				CLANG_WARN_INFINITE_RECURSION = YES;
				CLANG_WARN_INT_CONVERSION = YES;
				CLANG_WARN_NON_LITERAL_NULL_CONVERSION = YES;
				CLANG_WARN_OBJC_IMPLICIT_RETAIN_SELF = YES;
				CLANG_WARN_OBJC_LITERAL_CONVERSION = YES;
				CLANG_WARN_OBJC_ROOT_CLASS = YES_ERROR;
				CLANG_WARN_QUOTED_INCLUDE_IN_FRAMEWORK_HEADER = YES;
				CLANG_WARN_RANGE_LOOP_ANALYSIS = YES;
				CLANG_WARN_STRICT_PROTOTYPES = YES;
				CLANG_WARN_SUSPICIOUS_MOVE = YES;
				CLANG_WARN_UNGUARDED_AVAILABILITY = YES_AGGRESSIVE;
				CLANG_WARN_UNREACHABLE_CODE = YES;
				CLANG_WARN__DUPLICATE_METHOD_MATCH = YES;
				COPY_PHASE_STRIP = NO;
				DEBUG_INFORMATION_FORMAT = dwarf;
				ENABLE_STRICT_OBJC_MSGSEND = YES;
				ENABLE_TESTABILITY = YES;
				GCC_C_LANGUAGE_STANDARD = gnu11;
				GCC_DYNAMIC_NO_PIC = NO;
				GCC_NO_COMMON_BLOCKS = YES;
				GCC_OPTIMIZATION_LEVEL = 0;
				GCC_PREPROCESSOR_DEFINITIONS = (
					"DEBUG=1",
					"$(inherited)",
				);
				GCC_WARN_64_TO_32_BIT_CONVERSION = YES;
				GCC_WARN_ABOUT_RETURN_TYPE = YES_ERROR;
				GCC_WARN_UNDECLARED_SELECTOR = YES;
				GCC_WARN_UNINITIALIZED_AUTOS = YES_AGGRESSIVE;
				GCC_WARN_UNUSED_FUNCTION = YES;
				GCC_WARN_UNUSED_VARIABLE = YES;
				MACOSX_DEPLOYMENT_TARGET = 14.0;
				MTL_ENABLE_DEBUG_INFO = INCLUDE_SOURCE;
				MTL_FAST_MATH = YES;
				ONLY_ACTIVE_ARCH = YES;
				PRODUCT_NAME = "$(TARGET_NAME)";
				SWIFT_ACTIVE_COMPILATION_CONDITIONS = DEBUG;
				SWIFT_OPTIMIZATION_LEVEL = "-Onone";
				SWIFT_VERSION = 5.0;
			};
			name = Debug;
		};
		E4AD95E99580E2A8FB18F067 /* Debug */ = {
			isa = XCBuildConfiguration;
			buildSettings = {
				CODE_SIGN_STYLE = Automatic;
				DEVELOPMENT_TEAM = 89LGY6BD53;
				ENABLE_HARDENED_RUNTIME = YES;
				MACOSX_DEPLOYMENT_TARGET = 14.0;
				PRODUCT_NAME = "mihomo-agent";
				SDKROOT = macosx;
				SKIP_INSTALL = YES;
				SWIFT_VERSION = 5.0;
			};
			name = Debug;
		};
		EEBE1A45319060160BDC0DE6 /* Debug */ = {
			isa = XCBuildConfiguration;
			buildSettings = {
				CODE_SIGN_STYLE = Automatic;
				DEVELOPMENT_TEAM = 89LGY6BD53;
				ENABLE_HARDENED_RUNTIME = YES;
				MACOSX_DEPLOYMENT_TARGET = 14.0;
				PRODUCT_NAME = mihomoboxctl;
				SDKROOT = macosx;
				SKIP_INSTALL = YES;
				SWIFT_VERSION = 5.0;
			};
			name = Debug;
		};
/* End XCBuildConfiguration section */

/* Begin XCConfigurationList section */
		020171A2950B0733BDB18A26 /* Build configuration list for PBXNativeTarget "MihomoDaemon" */ = {
			isa = XCConfigurationList;
			buildConfigurations = (
				478233C9C8206BCC5B04A62B /* Release */,
				432196F0214D992FE831D6E7 /* Debug */,
			);
			defaultConfigurationIsVisible = 0;
			defaultConfigurationName = Release;
		};
		382FB7484F2F658C0300DA46 /* Build configuration list for PBXNativeTarget "MihomoBoxCLI" */ = {
			isa = XCConfigurationList;
			buildConfigurations = (
				5E1DF5F25D650B8724225A80 /* Release */,
				EEBE1A45319060160BDC0DE6 /* Debug */,
			);
			defaultConfigurationIsVisible = 0;
			defaultConfigurationName = Release;
		};
		773E7D12256692AB1C2EE665 /* Build configuration list for PBXProject "MihomoBox" */ = {
			isa = XCConfigurationList;
			buildConfigurations = (
				DF865F6EFBECC05560A61B0F /* Debug */,
				0D46C9CC11864E398BF491D6 /* Release */,
			);
			defaultConfigurationIsVisible = 0;
			defaultConfigurationName = Release;
		};
		89199B25F8809A5131B433D3 /* Build configuration list for PBXNativeTarget "MihomoAgent" */ = {
			isa = XCConfigurationList;
			buildConfigurations = (
				A40E0E7DEAB3A827F549CFBE /* Release */,
				E4AD95E99580E2A8FB18F067 /* Debug */,
			);
			defaultConfigurationIsVisible = 0;
			defaultConfigurationName = Release;
		};
		F80D0F3B23C706FA9C3CF8DE /* Build configuration list for PBXNativeTarget "MihomoBox" */ = {
			isa = XCConfigurationList;
			buildConfigurations = (
				15BCCAE847BABE1E8EC6C302 /* Release */,
				611CDD59E6FDBBB605B34146 /* Debug */,
			);
			defaultConfigurationIsVisible = 0;
			defaultConfigurationName = Release;
		};
/* End XCConfigurationList section */

/* Begin XCLocalSwiftPackageReference section */
		07F839A461403A768C7C5D8D /* XCLocalSwiftPackageReference ".." */ = {
			isa = XCLocalSwiftPackageReference;
			relativePath = ..;
		};
/* End XCLocalSwiftPackageReference section */

/* Begin XCRemoteSwiftPackageReference section */
		4CE915786C7DAAAC784785E9 /* XCRemoteSwiftPackageReference "Sparkle" */ = {
			isa = XCRemoteSwiftPackageReference;
			repositoryURL = "https://github.com/sparkle-project/Sparkle.git";
			requirement = {
				kind = exactVersion;
				version = 2.9.4;
			};
		};
/* End XCRemoteSwiftPackageReference section */

/* Begin XCSwiftPackageProductDependency section */
		4E200B8257A25EF8AFE99F6A /* MihomoControl */ = {
			isa = XCSwiftPackageProductDependency;
			package = 07F839A461403A768C7C5D8D /* XCLocalSwiftPackageReference ".." */;
			productName = MihomoControl;
		};
		58954311EA3816E8D9C89BC1 /* MihomoDNSCore */ = {
			isa = XCSwiftPackageProductDependency;
			package = 07F839A461403A768C7C5D8D /* XCLocalSwiftPackageReference ".." */;
			productName = MihomoDNSCore;
		};
		718411A53B8D16BC13ADA862 /* MihomoBoxUI */ = {
			isa = XCSwiftPackageProductDependency;
			package = 07F839A461403A768C7C5D8D /* XCLocalSwiftPackageReference ".." */;
			productName = MihomoBoxUI;
		};
		8ACFB4D95FF3735EB9BA8AD9 /* MihomoControl */ = {
			isa = XCSwiftPackageProductDependency;
			package = 07F839A461403A768C7C5D8D /* XCLocalSwiftPackageReference ".." */;
			productName = MihomoControl;
		};
		9496E62A642F63C607877114 /* MihomoDNSCore */ = {
			isa = XCSwiftPackageProductDependency;
			package = 07F839A461403A768C7C5D8D /* XCLocalSwiftPackageReference ".." */;
			productName = MihomoDNSCore;
		};
		B8FB655E9FEE8FB2ECC3488E /* Sparkle */ = {
			isa = XCSwiftPackageProductDependency;
			package = 4CE915786C7DAAAC784785E9 /* XCRemoteSwiftPackageReference "Sparkle" */;
			productName = Sparkle;
		};
		D84D9E2E7EF6A6AE6CABDF01 /* MihomoDNSCore */ = {
			isa = XCSwiftPackageProductDependency;
			package = 07F839A461403A768C7C5D8D /* XCLocalSwiftPackageReference ".." */;
			productName = MihomoDNSCore;
		};
		F3C444C4CB7E9AC5FD1652FB /* MihomoControl */ = {
			isa = XCSwiftPackageProductDependency;
			package = 07F839A461403A768C7C5D8D /* XCLocalSwiftPackageReference ".." */;
			productName = MihomoControl;
		};
/* End XCSwiftPackageProductDependency section */
	};
	rootObject = 7E096FA01C24845AEA35A678 /* Project object */;
}
